
Microsoft Visual Studio Solution File, Format Version 12.00
# Visual Studio Version 16
VisualStudioVersion = 16.0.30907.101
MinimumVisualStudioVersion = 10.0.40219.1
Project("{9A19103F-16F7-4668-BE54-9A1E7A4F7556}") = "Eje3_GonzalezLeos191G0249", "Eje3_GonzalezLeos191G0249\Eje3_GonzalezLeos191G0249.csproj", "{8134C900-4272-4316-A6EE-530D1C761926}"
EndProject
Project("{9A19103F-16F7-4668-BE54-9A1E7A4F7556}") = "Act2_Reloj", "Act2_Reloj\Act2_Reloj.csproj", "{E1C11C8B-2F30-4858-9F7C-5F084AD9FB41}"
EndProject
Project("{9A19103F-16F7-4668-BE54-9A1E7A4F7556}") = "Act2_Tablero", "Act2_Tablero\Act2_Tablero.csproj", "{2F0700EB-570C-446E-AE8F-FAC3A6178CA4}"
EndProject
Project("{9A19103F-16F7-4668-BE54-9A1E7A4F7556}") = "SimuladorDeposito_Act5", "SimuladorDeposito_Act5\SimuladorDeposito_Act5.csproj", "{6D8F983D-BD8B-4439-A410-4A6C4E390241}"
EndProject
Project("{2150E333-8FDC-42A3-9474-1A3956D46DE8}") = "Solution Items", "Solution Items", "{3B465311-9ADC-4113-ACFA-C40261B61D16}"
	ProjectSection(SolutionItems) = preProject
		..\Ban.png = ..\Ban.png
	EndProjectSection
EndProject
Project("{9A19103F-16F7-4668-BE54-9A1E7A4F7556}") = "Act6_Publicidad", "Act5_Publicidad\Act6_Publicidad.csproj", "{93BD8A61-234B-4760-A417-A04945972698}"
EndProject
Project("{9A19103F-16F7-4668-BE54-9A1E7A4F7556}") = "Act7_Cotizacion", "Act7_Cotizacion\Act7_Cotizacion.csproj", "{154EAC4D-D6EA-4046-98E6-9D4EA3D2F71A}"
EndProject
Project("{9A19103F-16F7-4668-BE54-9A1E7A4F7556}") = "U2A1_GuiaDeEpGonzalezLeos191G0249", "U2A1_GuiaDeEpGonzalezLeos191G0249\U2A1_GuiaDeEpGonzalezLeos191G0249.csproj", "{8903C179-0D33-42CF-9AEE-44C8C46637B3}"
EndProject
Project("{9A19103F-16F7-4668-BE54-9A1E7A4F7556}") = "U2Recetario_GonzalezLeos191G0249", "U2Recetario_GonzalezLeos191G0249\U2Recetario_GonzalezLeos191G0249.csproj", "{54F4C07A-0079-4908-9532-09D3C7722458}"
EndProject
Project("{FAE04EC0-301F-11D3-BF4B-00C04F79EFBC}") = "U3Diversown.Android", "U3Diversown\U3Diversown.Android\U3Diversown.Android.csproj", "{7546EF3B-5D6E-4521-B850-5905DDC49C57}"
EndProject
Project("{FAE04EC0-301F-11D3-BF4B-00C04F79EFBC}") = "U3Diversown", "U3Diversown\U3Diversown\U3Diversown.csproj", "{63B0CD9C-E6C7-4943-ADE5-1B80BDB73108}"
EndProject
Global
	GlobalSection(SolutionConfigurationPlatforms) = preSolution
		Debug|Any CPU = Debug|Any CPU
		Release|Any CPU = Release|Any CPU
	EndGlobalSection
	GlobalSection(ProjectConfigurationPlatforms) = postSolution
		{8134C900-4272-4316-A6EE-530D1C761926}.Debug|Any CPU.ActiveCfg = Debug|Any CPU
		{8134C900-4272-4316-A6EE-530D1C761926}.Debug|Any CPU.Build.0 = Debug|Any CPU
		{8134C900-4272-4316-A6EE-530D1C761926}.Release|Any CPU.ActiveCfg = Release|Any CPU
		{8134C900-4272-4316-A6EE-530D1C761926}.Release|Any CPU.Build.0 = Release|Any CPU
		{E1C11C8B-2F30-4858-9F7C-5F084AD9FB41}.Debug|Any CPU.ActiveCfg = Debug|Any CPU
		{E1C11C8B-2F30-4858-9F7C-5F084AD9FB41}.Debug|Any CPU.Build.0 = Debug|Any CPU
		{E1C11C8B-2F30-4858-9F7C-5F084AD9FB41}.Release|Any CPU.ActiveCfg = Release|Any CPU
		{E1C11C8B-2F30-4858-9F7C-5F084AD9FB41}.Release|Any CPU.Build.0 = Release|Any CPU
		{2F0700EB-570C-446E-AE8F-FAC3A6178CA4}.Debug|Any CPU.ActiveCfg = Debug|Any CPU
		{2F0700EB-570C-446E-AE8F-FAC3A6178CA4}.Debug|Any CPU.Build.0 = Debug|Any CPU
		{2F0700EB-570C-446E-AE8F-FAC3A6178CA4}.Release|Any CPU.ActiveCfg = Release|Any CPU
		{2F0700EB-570C-446E-AE8F-FAC3A6178CA4}.Release|Any CPU.Build.0 = Release|Any CPU
		{6D8F983D-BD8B-4439-A410-4A6C4E390241}.Debug|Any CPU.ActiveCfg = Debug|Any CPU
		{6D8F983D-BD8B-4439-A410-4A6C4E390241}.Debug|Any CPU.Build.0 = Debug|Any CPU
		{6D8F983D-BD8B-4439-A410-4A6C4E390241}.Release|Any CPU.ActiveCfg = Release|Any CPU
		{6D8F983D-BD8B-4439-A410-4A6C4E390241}.Release|Any CPU.Build.0 = Release|Any CPU
		{93BD8A61-234B-4760-A417-A04945972698}.Debug|Any CPU.ActiveCfg = Debug|Any CPU
		{93BD8A61-234B-4760-A417-A04945972698}.Debug|Any CPU.Build.0 = Debug|Any CPU
		{93BD8A61-234B-4760-A417-A04945972698}.Release|Any CPU.ActiveCfg = Release|Any CPU
		{93BD8A61-234B-4760-A417-A04945972698}.Release|Any CPU.Build.0 = Release|Any CPU
		{154EAC4D-D6EA-4046-98E6-9D4EA3D2F71A}.Debug|Any CPU.ActiveCfg = Debug|Any CPU
		{154EAC4D-D6EA-4046-98E6-9D4EA3D2F71A}.Debug|Any CPU.Build.0 = Debug|Any CPU
		{154EAC4D-D6EA-4046-98E6-9D4EA3D2F71A}.Release|Any CPU.ActiveCfg = Release|Any CPU
		{154EAC4D-D6EA-4046-98E6-9D4EA3D2F71A}.Release|Any CPU.Build.0 = Release|Any CPU
		{8903C179-0D33-42CF-9AEE-44C8C46637B3}.Debug|Any CPU.ActiveCfg = Debug|Any CPU
		{8903C179-0D33-42CF-9AEE-44C8C46637B3}.Debug|Any CPU.Build.0 = Debug|Any CPU
		{8903C179-0D33-42CF-9AEE-44C8C46637B3}.Release|Any CPU.ActiveCfg = Release|Any CPU
		{8903C179-0D33-42CF-9AEE-44C8C46637B3}.Release|Any CPU.Build.0 = Release|Any CPU
		{54F4C07A-0079-4908-9532-09D3C7722458}.Debug|Any CPU.ActiveCfg = Debug|Any CPU
		{54F4C07A-0079-4908-9532-09D3C7722458}.Debug|Any CPU.Build.0 = Debug|Any CPU
		{54F4C07A-0079-4908-9532-09D3C7722458}.Release|Any CPU.ActiveCfg = Release|Any CPU
		{54F4C07A-0079-4908-9532-09D3C7722458}.Release|Any CPU.Build.0 = Release|Any CPU
		{7546EF3B-5D6E-4521-B850-5905DDC49C57}.Debug|Any CPU.ActiveCfg = Debug|Any CPU
		{7546EF3B-5D6E-4521-B850-5905DDC49C57}.Debug|Any CPU.Build.0 = Debug|Any CPU
		{7546EF3B-5D6E-4521-B850-5905DDC49C57}.Debug|Any CPU.Deploy.0 = Debug|Any CPU
		{7546EF3B-5D6E-4521-B850-5905DDC49C57}.Release|Any CPU.ActiveCfg = Release|Any CPU
		{7546EF3B-5D6E-4521-B850-5905DDC49C57}.Release|Any CPU.Build.0 = Release|Any CPU
		{7546EF3B-5D6E-4521-B850-5905DDC49C57}.Release|Any CPU.Deploy.0 = Release|Any CPU
		{63B0CD9C-E6C7-4943-ADE5-1B80BDB73108}.Debug|Any CPU.ActiveCfg = Debug|Any CPU
		{63B0CD9C-E6C7-4943-ADE5-1B80BDB73108}.Debug|Any CPU.Build.0 = Debug|Any CPU
		{63B0CD9C-E6C7-4943-ADE5-1B80BDB73108}.Release|Any CPU.ActiveCfg = Release|Any CPU
		{63B0CD9C-E6C7-4943-ADE5-1B80BDB73108}.Release|Any CPU.Build.0 = Release|Any CPU
	EndGlobalSection
	GlobalSection(SolutionProperties) = preSolution
		HideSolutionNode = FALSE
	EndGlobalSection
	GlobalSection(ExtensibilityGlobals) = postSolution
		SolutionGuid = {64F77F21-D76E-44C8-B514-071C543B2138}
	EndGlobalSection
EndGlobal
