
Microsoft Visual Studio Solution File, Format Version 12.00
# Visual Studio Version 16
VisualStudioVersion = 16.0.30907.101
MinimumVisualStudioVersion = 10.0.40219.1
Project("{9A19103F-16F7-4668-BE54-9A1E7A4F7556}") = "Eje3_GonzalezLeos191G0249", "Eje3_GonzalezLeos191G0249\Eje3_GonzalezLeos191G0249.csproj", "{8134C900-4272-4316-A6EE-530D1C761926}"
EndProject
Project("{FAE04EC0-301F-11D3-BF4B-00C04F79EFBC}") = "Act2_Reloj", "Act2_Reloj\Act2_Reloj.csproj", "{E1C11C8B-2F30-4858-9F7C-5F084AD9FB41}"
EndProject
Global
	GlobalSection(SolutionConfigurationPlatforms) = preSolution
		Debug|Any CPU = Debug|Any CPU
		Release|Any CPU = Release|Any CPU
	EndGlobalSection
	GlobalSection(ProjectConfigurationPlatforms) = postSolution
		{8134C900-4272-4316-A6EE-530D1C761926}.Debug|Any CPU.ActiveCfg = Debug|Any CPU
		{8134C900-4272-4316-A6EE-530D1C761926}.Debug|Any CPU.Build.0 = Debug|Any CPU
		{8134C900-4272-4316-A6EE-530D1C761926}.Release|Any CPU.ActiveCfg = Release|Any CPU
		{8134C900-4272-4316-A6EE-530D1C761926}.Release|Any CPU.Build.0 = Release|Any CPU
		{E1C11C8B-2F30-4858-9F7C-5F084AD9FB41}.Debug|Any CPU.ActiveCfg = Debug|Any CPU
		{E1C11C8B-2F30-4858-9F7C-5F084AD9FB41}.Debug|Any CPU.Build.0 = Debug|Any CPU
		{E1C11C8B-2F30-4858-9F7C-5F084AD9FB41}.Release|Any CPU.ActiveCfg = Release|Any CPU
		{E1C11C8B-2F30-4858-9F7C-5F084AD9FB41}.Release|Any CPU.Build.0 = Release|Any CPU
	EndGlobalSection
	GlobalSection(SolutionProperties) = preSolution
		HideSolutionNode = FALSE
	EndGlobalSection
	GlobalSection(ExtensibilityGlobals) = postSolution
		SolutionGuid = {64F77F21-D76E-44C8-B514-071C543B2138}
	EndGlobalSection
EndGlobal
